
Microsoft Visual Studio Solution File, Format Version 12.00
# Visual Studio 15
VisualStudioVersion = 15.0.27703.2047
MinimumVisualStudioVersion = 10.0.40219.1
Project("{FAE04EC0-301F-11D3-BF4B-00C04F79EFBC}") = "32-Calculadora (Con Clase)", "32-Calculadora (Con Clase)\32-Calculadora (Con Clase).csproj", "{BCB5B6EC-42F0-45B4-A1B6-C753A117ABCA}"
EndProject
Global
	GlobalSection(SolutionConfigurationPlatforms) = preSolution
		Debug|Any CPU = Debug|Any CPU
		Release|Any CPU = Release|Any CPU
	EndGlobalSection
	GlobalSection(ProjectConfigurationPlatforms) = postSolution
		{BCB5B6EC-42F0-45B4-A1B6-C753A117ABCA}.Debug|Any CPU.ActiveCfg = Debug|Any CPU
		{BCB5B6EC-42F0-45B4-A1B6-C753A117ABCA}.Debug|Any CPU.Build.0 = Debug|Any CPU
		{BCB5B6EC-42F0-45B4-A1B6-C753A117ABCA}.Release|Any CPU.ActiveCfg = Release|Any CPU
		{BCB5B6EC-42F0-45B4-A1B6-C753A117ABCA}.Release|Any CPU.Build.0 = Release|Any CPU
	EndGlobalSection
	GlobalSection(SolutionProperties) = preSolution
		HideSolutionNode = FALSE
	EndGlobalSection
	GlobalSection(ExtensibilityGlobals) = postSolution
		SolutionGuid = {E62289B8-AADC-41E2-9159-13E15F7DF0A4}
	EndGlobalSection
EndGlobal
