
Microsoft Visual Studio Solution File, Format Version 12.00
# Visual Studio 15
VisualStudioVersion = 15.0.27703.2047
MinimumVisualStudioVersion = 10.0.40219.1
Project("{FAE04EC0-301F-11D3-BF4B-00C04F79EFBC}") = "27-SistemaDeFacturacion", "27-SistemaDeFacturacion\27-SistemaDeFacturacion.csproj", "{49702ED9-EC34-4743-8AF7-263B6EB78580}"
EndProject
Global
	GlobalSection(SolutionConfigurationPlatforms) = preSolution
		Debug|Any CPU = Debug|Any CPU
		Release|Any CPU = Release|Any CPU
	EndGlobalSection
	GlobalSection(ProjectConfigurationPlatforms) = postSolution
		{49702ED9-EC34-4743-8AF7-263B6EB78580}.Debug|Any CPU.ActiveCfg = Debug|Any CPU
		{49702ED9-EC34-4743-8AF7-263B6EB78580}.Debug|Any CPU.Build.0 = Debug|Any CPU
		{49702ED9-EC34-4743-8AF7-263B6EB78580}.Release|Any CPU.ActiveCfg = Release|Any CPU
		{49702ED9-EC34-4743-8AF7-263B6EB78580}.Release|Any CPU.Build.0 = Release|Any CPU
	EndGlobalSection
	GlobalSection(SolutionProperties) = preSolution
		HideSolutionNode = FALSE
	EndGlobalSection
	GlobalSection(ExtensibilityGlobals) = postSolution
		SolutionGuid = {05A0A294-210D-4EA8-927D-41150F2677B0}
	EndGlobalSection
EndGlobal
